PODS:
  - Expecta (1.0.6)
  - FuncObjC (0.1.0):
    - ModernObjC (~> 0.1)
  - ModernObjC (0.1.0)
  - Specta (2.0.0)

DEPENDENCIES:
  - Expecta
  - FuncObjC (from `../`)
  - Specta

SPEC REPOS:
  trunk:
    - Expecta
    - ModernObjC
    - Specta

EXTERNAL SOURCES:
  FuncObjC:
    :path: "../"

SPEC CHECKSUMS:
  Expecta: 3b6bd90a64b9a1dcb0b70aa0e10a7f8f631667d5
  FuncObjC: e7e1a188b8b576ef4e65af4bcce1148ec53ba56e
  ModernObjC: fe1ed2434b1b79c184f03a38a6b4a11da9616970
  Specta: b79d84043684b35ffdc2680df578dc318ec2efc2

PODFILE CHECKSUM: 4caa3fcf46047068851f07e854909134e31ac4f9

COCOAPODS: 1.11.3
